# THIS IS AN AUTOGENERATED FILE. DO NOT EDIT THIS FILE DIRECTLY.
# yarn lockfile v1


simple-git-hooks@^2.13.1:
  version "2.14.0"
  resolved "https://registry.yarnpkg.com/simple-git-hooks/-/simple-git-hooks-2.14.0.tgz#7ad36fadbd322f373caacd399664b85305a08ca8"
  integrity sha512-kkTORPAuxQz2g1QUuN0J8yGWT28tjGBfPOdJ4xT7Vbeu30veKUZQIoID2qGgCDAakaQn59UeZJJ4cFGB8PVP2A==
